{
  "version": 4,
  "terraform_version": "1.0.9",
  "serial": 11,
  "lineage": "0766fc32-7e4d-7f3f-0809-990a0dd38522",
  "outputs": {
    "s3backend_config": {
      "value": {
        "bucket": "team-rocket-s0g8q6sl7fsb-state-bucket",
        "dynamodb_table": "team-rocket-s0g8q6sl7fsb-state-lock",
        "region": "us-west-2",
        "role_arn": "arn:aws:iam::017735233214:role/team-rocket-s0g8q6sl7fsb-tf-assume-role"
      },
      "type": [
        "object",
        {
          "bucket": "string",
          "dynamodb_table": "string",
          "region": "string",
          "role_arn": "string"
        }
      ]
    }
  },
  "resources": [
    {
      "module": "module.s3backend",
      "mode": "data",
      "type": "aws_caller_identity",
      "name": "current",
      "provider": "provider[\"registry.terraform.io/hashicorp/aws\"]",
      "instances": [
        {
          "schema_version": 0,
          "attributes": {
            "account_id": "017735233214",
            "arn": "arn:aws:iam::017735233214:user/tfuser1",
            "id": "017735233214",
            "user_id": "AIDAQIII2F27ALEM7UCCI"
          },
          "sensitive_attributes": []
        }
      ]
    },
    {
      "module": "module.s3backend",
      "mode": "data",
      "type": "aws_iam_policy_document",
      "name": "policy_doc",
      "provider": "provider[\"registry.terraform.io/hashicorp/aws\"]",
      "instances": [
        {
          "schema_version": 0,
          "attributes": {
            "id": "301886290",
            "json": "{\n  \"Version\": \"2012-10-17\",\n  \"Statement\": [\n    {\n      \"Sid\": \"\",\n      \"Effect\": \"Allow\",\n      \"Action\": \"s3:ListBucket\",\n      \"Resource\": \"arn:aws:s3:::team-rocket-s0g8q6sl7fsb-state-bucket\"\n    },\n    {\n      \"Sid\": \"\",\n      \"Effect\": \"Allow\",\n      \"Action\": [\n        \"s3:PutObject\",\n        \"s3:GetObject\",\n        \"s3:DeleteObject\"\n      ],\n      \"Resource\": \"arn:aws:s3:::team-rocket-s0g8q6sl7fsb-state-bucket/*\"\n    },\n    {\n      \"Sid\": \"\",\n      \"Effect\": \"Allow\",\n      \"Action\": [\n        \"dynamodb:PutItem\",\n        \"dynamodb:GetItem\",\n        \"dynamodb:DeleteItem\"\n      ],\n      \"Resource\": \"arn:aws:dynamodb:us-west-2:017735233214:table/team-rocket-s0g8q6sl7fsb-state-lock\"\n    },\n    {\n      \"Sid\": \"\",\n      \"Effect\": \"Allow\",\n      \"Action\": [\n        \"kms:GenerateDataKey\",\n        \"kms:Decrypt\"\n      ],\n      \"Resource\": \"arn:aws:kms:us-west-2:017735233214:key/f3d41759-3ee4-40c0-80e4-984759c2def5\"\n    }\n  ]\n}",
            "override_json": null,
            "override_policy_documents": null,
            "policy_id": null,
            "source_json": null,
            "source_policy_documents": null,
            "statement": [
              {
                "actions": [
                  "s3:ListBucket"
                ],
                "condition": [],
                "effect": "Allow",
                "not_actions": [],
                "not_principals": [],
                "not_resources": [],
                "principals": [],
                "resources": [
                  "arn:aws:s3:::team-rocket-s0g8q6sl7fsb-state-bucket"
                ],
                "sid": ""
              },
              {
                "actions": [
                  "s3:DeleteObject",
                  "s3:GetObject",
                  "s3:PutObject"
                ],
                "condition": [],
                "effect": "Allow",
                "not_actions": [],
                "not_principals": [],
                "not_resources": [],
                "principals": [],
                "resources": [
                  "arn:aws:s3:::team-rocket-s0g8q6sl7fsb-state-bucket/*"
                ],
                "sid": ""
              },
              {
                "actions": [
                  "dynamodb:DeleteItem",
                  "dynamodb:GetItem",
                  "dynamodb:PutItem"
                ],
                "condition": [],
                "effect": "Allow",
                "not_actions": [],
                "not_principals": [],
                "not_resources": [],
                "principals": [],
                "resources": [
                  "arn:aws:dynamodb:us-west-2:017735233214:table/team-rocket-s0g8q6sl7fsb-state-lock"
                ],
                "sid": ""
              },
              {
                "actions": [
                  "kms:Decrypt",
                  "kms:GenerateDataKey"
                ],
                "condition": [],
                "effect": "Allow",
                "not_actions": [],
                "not_principals": [],
                "not_resources": [],
                "principals": [],
                "resources": [
                  "arn:aws:kms:us-west-2:017735233214:key/f3d41759-3ee4-40c0-80e4-984759c2def5"
                ],
                "sid": ""
              }
            ],
            "version": "2012-10-17"
          },
          "sensitive_attributes": []
        }
      ]
    },
    {
      "module": "module.s3backend",
      "mode": "data",
      "type": "aws_region",
      "name": "current",
      "provider": "provider[\"registry.terraform.io/hashicorp/aws\"]",
      "instances": [
        {
          "schema_version": 0,
          "attributes": {
            "description": "US West (Oregon)",
            "endpoint": "ec2.us-west-2.amazonaws.com",
            "id": "us-west-2",
            "name": "us-west-2"
          },
          "sensitive_attributes": []
        }
      ]
    },
    {
      "module": "module.s3backend",
      "mode": "managed",
      "type": "aws_dynamodb_table",
      "name": "dynamodb_table",
      "provider": "provider[\"registry.terraform.io/hashicorp/aws\"]",
      "instances": [
        {
          "schema_version": 1,
          "attributes": {
            "arn": "arn:aws:dynamodb:us-west-2:017735233214:table/team-rocket-s0g8q6sl7fsb-state-lock",
            "attribute": [
              {
                "name": "LockID",
                "type": "S"
              }
            ],
            "billing_mode": "PAY_PER_REQUEST",
            "global_secondary_index": [],
            "hash_key": "LockID",
            "id": "team-rocket-s0g8q6sl7fsb-state-lock",
            "local_secondary_index": [],
            "name": "team-rocket-s0g8q6sl7fsb-state-lock",
            "point_in_time_recovery": [
              {
                "enabled": false
              }
            ],
            "range_key": null,
            "read_capacity": 0,
            "replica": [],
            "server_side_encryption": [],
            "stream_arn": "",
            "stream_enabled": false,
            "stream_label": "",
            "stream_view_type": "",
            "tags": {
              "ResourceGroup": "team-rocket-s0g8q6sl7fsb"
            },
            "tags_all": {
              "ResourceGroup": "team-rocket-s0g8q6sl7fsb"
            },
            "timeouts": null,
            "ttl": [
              {
                "attribute_name": "",
                "enabled": false,
                "kms_key_arn": ""
              }
            ],
            "write_capacity": 0
          },
          "sensitive_attributes": [],
          "private": "eyJlMmJmYjczMC1lY2FhLTExZTYtOGY4OC0zNDM2M2JjN2M0YzAiOnsiY3JlYXRlIjoxMjAwMDAwMDAwMDAwLCJkZWxldGUiOjYwMDAwMDAwMDAwMCwidXBkYXRlIjozNjAwMDAwMDAwMDAwfSwic2NoZW1hX3ZlcnNpb24iOiIxIn0=",
          "dependencies": [
            "module.s3backend.random_string.rand"
          ]
        }
      ]
    },
    {
      "module": "module.s3backend",
      "mode": "managed",
      "type": "aws_iam_policy",
      "name": "iam_policy",
      "provider": "provider[\"registry.terraform.io/hashicorp/aws\"]",
      "instances": [
        {
          "schema_version": 0,
          "attributes": {
            "arn": "arn:aws:iam::017735233214:policy/team-rocket-s0g8q6sl7fsb-tf-policy",
            "description": "",
            "id": "arn:aws:iam::017735233214:policy/team-rocket-s0g8q6sl7fsb-tf-policy",
            "name": "team-rocket-s0g8q6sl7fsb-tf-policy",
            "name_prefix": null,
            "path": "/",
            "policy": "{\n  \"Version\": \"2012-10-17\",\n  \"Statement\": [\n    {\n      \"Sid\": \"\",\n      \"Effect\": \"Allow\",\n      \"Action\": \"s3:ListBucket\",\n      \"Resource\": \"arn:aws:s3:::team-rocket-s0g8q6sl7fsb-state-bucket\"\n    },\n    {\n      \"Sid\": \"\",\n      \"Effect\": \"Allow\",\n      \"Action\": [\n        \"s3:PutObject\",\n        \"s3:GetObject\",\n        \"s3:DeleteObject\"\n      ],\n      \"Resource\": \"arn:aws:s3:::team-rocket-s0g8q6sl7fsb-state-bucket/*\"\n    },\n    {\n      \"Sid\": \"\",\n      \"Effect\": \"Allow\",\n      \"Action\": [\n        \"dynamodb:PutItem\",\n        \"dynamodb:GetItem\",\n        \"dynamodb:DeleteItem\"\n      ],\n      \"Resource\": \"arn:aws:dynamodb:us-west-2:017735233214:table/team-rocket-s0g8q6sl7fsb-state-lock\"\n    },\n    {\n      \"Sid\": \"\",\n      \"Effect\": \"Allow\",\n      \"Action\": [\n        \"kms:GenerateDataKey\",\n        \"kms:Decrypt\"\n      ],\n      \"Resource\": \"arn:aws:kms:us-west-2:017735233214:key/f3d41759-3ee4-40c0-80e4-984759c2def5\"\n    }\n  ]\n}",
            "policy_id": "ANPAQIII2F27BYEEL4VQU",
            "tags": null,
            "tags_all": {}
          },
          "sensitive_attributes": [],
          "private": "bnVsbA==",
          "dependencies": [
            "module.s3backend.aws_dynamodb_table.dynamodb_table",
            "module.s3backend.aws_kms_key.kms_key",
            "module.s3backend.aws_s3_bucket.s3_bucket",
            "module.s3backend.data.aws_iam_policy_document.policy_doc",
            "module.s3backend.random_string.rand"
          ]
        }
      ]
    },
    {
      "module": "module.s3backend",
      "mode": "managed",
      "type": "aws_iam_role",
      "name": "iam_role",
      "provider": "provider[\"registry.terraform.io/hashicorp/aws\"]",
      "instances": [
        {
          "schema_version": 0,
          "attributes": {
            "arn": "arn:aws:iam::017735233214:role/team-rocket-s0g8q6sl7fsb-tf-assume-role",
            "assume_role_policy": "{\"Version\":\"2012-10-17\",\"Statement\":[{\"Effect\":\"Allow\",\"Principal\":{\"AWS\":\"arn:aws:iam::017735233214:user/tfuser1\"},\"Action\":\"sts:AssumeRole\"}]}",
            "create_date": "2021-11-12T21:31:30Z",
            "description": "",
            "force_detach_policies": false,
            "id": "team-rocket-s0g8q6sl7fsb-tf-assume-role",
            "inline_policy": [
              {
                "name": "",
                "policy": ""
              }
            ],
            "managed_policy_arns": [],
            "max_session_duration": 3600,
            "name": "team-rocket-s0g8q6sl7fsb-tf-assume-role",
            "name_prefix": "",
            "path": "/",
            "permissions_boundary": null,
            "tags": {
              "ResourceGroup": "team-rocket-s0g8q6sl7fsb"
            },
            "tags_all": {
              "ResourceGroup": "team-rocket-s0g8q6sl7fsb"
            },
            "unique_id": "AROAQIII2F27MFAKPLHHU"
          },
          "sensitive_attributes": [],
          "private": "bnVsbA==",
          "dependencies": [
            "module.s3backend.data.aws_caller_identity.current",
            "module.s3backend.random_string.rand"
          ]
        }
      ]
    },
    {
      "module": "module.s3backend",
      "mode": "managed",
      "type": "aws_iam_role_policy_attachment",
      "name": "policy_attach",
      "provider": "provider[\"registry.terraform.io/hashicorp/aws\"]",
      "instances": [
        {
          "schema_version": 0,
          "attributes": {
            "id": "team-rocket-s0g8q6sl7fsb-tf-assume-role-20211112213156241000000001",
            "policy_arn": "arn:aws:iam::017735233214:policy/team-rocket-s0g8q6sl7fsb-tf-policy",
            "role": "team-rocket-s0g8q6sl7fsb-tf-assume-role"
          },
          "sensitive_attributes": [],
          "private": "bnVsbA==",
          "dependencies": [
            "module.s3backend.aws_dynamodb_table.dynamodb_table",
            "module.s3backend.aws_iam_policy.iam_policy",
            "module.s3backend.aws_iam_role.iam_role",
            "module.s3backend.aws_kms_key.kms_key",
            "module.s3backend.aws_s3_bucket.s3_bucket",
            "module.s3backend.data.aws_caller_identity.current",
            "module.s3backend.data.aws_iam_policy_document.policy_doc",
            "module.s3backend.random_string.rand"
          ]
        }
      ]
    },
    {
      "module": "module.s3backend",
      "mode": "managed",
      "type": "aws_kms_key",
      "name": "kms_key",
      "provider": "provider[\"registry.terraform.io/hashicorp/aws\"]",
      "instances": [
        {
          "schema_version": 0,
          "attributes": {
            "arn": "arn:aws:kms:us-west-2:017735233214:key/f3d41759-3ee4-40c0-80e4-984759c2def5",
            "bypass_policy_lockout_safety_check": false,
            "customer_master_key_spec": "SYMMETRIC_DEFAULT",
            "deletion_window_in_days": null,
            "description": "",
            "enable_key_rotation": false,
            "id": "f3d41759-3ee4-40c0-80e4-984759c2def5",
            "is_enabled": true,
            "key_id": "f3d41759-3ee4-40c0-80e4-984759c2def5",
            "key_usage": "ENCRYPT_DECRYPT",
            "multi_region": false,
            "policy": "{\"Id\":\"key-default-1\",\"Statement\":[{\"Action\":\"kms:*\",\"Effect\":\"Allow\",\"Principal\":{\"AWS\":\"arn:aws:iam::017735233214:root\"},\"Resource\":\"*\",\"Sid\":\"Enable IAM User Permissions\"}],\"Version\":\"2012-10-17\"}",
            "tags": {
              "ResourceGroup": "team-rocket-s0g8q6sl7fsb"
            },
            "tags_all": {
              "ResourceGroup": "team-rocket-s0g8q6sl7fsb"
            }
          },
          "sensitive_attributes": [],
          "private": "bnVsbA==",
          "dependencies": [
            "module.s3backend.random_string.rand"
          ]
        }
      ]
    },
    {
      "module": "module.s3backend",
      "mode": "managed",
      "type": "aws_resourcegroups_group",
      "name": "resourcegroups_group",
      "provider": "provider[\"registry.terraform.io/hashicorp/aws\"]",
      "instances": [
        {
          "schema_version": 0,
          "attributes": {
            "arn": "arn:aws:resource-groups:us-west-2:017735233214:group/team-rocket-s0g8q6sl7fsb-group",
            "description": "",
            "id": "team-rocket-s0g8q6sl7fsb-group",
            "name": "team-rocket-s0g8q6sl7fsb-group",
            "resource_query": [
              {
                "query": "{\r\n  \"ResourceTypeFilters\": [\r\n    \"AWS::AllSupported\"\r\n  ],\r\n  \"TagFilters\": [\r\n    {\r\n      \"Key\": \"ResourceGroup\",\r\n      \"Values\": [\"team-rocket-s0g8q6sl7fsb\"]\r\n    }\r\n  ]\r\n}\r\n",
                "type": "TAG_FILTERS_1_0"
              }
            ],
            "tags": null,
            "tags_all": {}
          },
          "sensitive_attributes": [],
          "private": "bnVsbA==",
          "dependencies": [
            "module.s3backend.random_string.rand"
          ]
        }
      ]
    },
    {
      "module": "module.s3backend",
      "mode": "managed",
      "type": "aws_s3_bucket",
      "name": "s3_bucket",
      "provider": "provider[\"registry.terraform.io/hashicorp/aws\"]",
      "instances": [
        {
          "schema_version": 0,
          "attributes": {
            "acceleration_status": "",
            "acl": "private",
            "arn": "arn:aws:s3:::team-rocket-s0g8q6sl7fsb-state-bucket",
            "bucket": "team-rocket-s0g8q6sl7fsb-state-bucket",
            "bucket_domain_name": "team-rocket-s0g8q6sl7fsb-state-bucket.s3.amazonaws.com",
            "bucket_prefix": null,
            "bucket_regional_domain_name": "team-rocket-s0g8q6sl7fsb-state-bucket.s3.us-west-2.amazonaws.com",
            "cors_rule": [],
            "force_destroy": true,
            "grant": [],
            "hosted_zone_id": "Z3BJ6K6RIION7M",
            "id": "team-rocket-s0g8q6sl7fsb-state-bucket",
            "lifecycle_rule": [],
            "logging": [],
            "object_lock_configuration": [],
            "policy": null,
            "region": "us-west-2",
            "replication_configuration": [],
            "request_payer": "BucketOwner",
            "server_side_encryption_configuration": [
              {
                "rule": [
                  {
                    "apply_server_side_encryption_by_default": [
                      {
                        "kms_master_key_id": "arn:aws:kms:us-west-2:017735233214:key/f3d41759-3ee4-40c0-80e4-984759c2def5",
                        "sse_algorithm": "aws:kms"
                      }
                    ],
                    "bucket_key_enabled": false
                  }
                ]
              }
            ],
            "tags": {
              "ResourceGroup": "team-rocket-s0g8q6sl7fsb"
            },
            "tags_all": {
              "ResourceGroup": "team-rocket-s0g8q6sl7fsb"
            },
            "versioning": [
              {
                "enabled": true,
                "mfa_delete": false
              }
            ],
            "website": [],
            "website_domain": null,
            "website_endpoint": null
          },
          "sensitive_attributes": [],
          "private": "bnVsbA==",
          "dependencies": [
            "module.s3backend.aws_kms_key.kms_key",
            "module.s3backend.random_string.rand"
          ]
        }
      ]
    },
    {
      "module": "module.s3backend",
      "mode": "managed",
      "type": "aws_s3_bucket_public_access_block",
      "name": "s3_bucket",
      "provider": "provider[\"registry.terraform.io/hashicorp/aws\"]",
      "instances": [
        {
          "schema_version": 0,
          "attributes": {
            "block_public_acls": true,
            "block_public_policy": true,
            "bucket": "team-rocket-s0g8q6sl7fsb-state-bucket",
            "id": "team-rocket-s0g8q6sl7fsb-state-bucket",
            "ignore_public_acls": true,
            "restrict_public_buckets": true
          },
          "sensitive_attributes": [],
          "private": "bnVsbA==",
          "dependencies": [
            "module.s3backend.aws_kms_key.kms_key",
            "module.s3backend.aws_s3_bucket.s3_bucket",
            "module.s3backend.random_string.rand"
          ]
        }
      ]
    },
    {
      "module": "module.s3backend",
      "mode": "managed",
      "type": "random_string",
      "name": "rand",
      "provider": "provider[\"registry.terraform.io/hashicorp/random\"]",
      "instances": [
        {
          "schema_version": 1,
          "attributes": {
            "id": "s0g8q6sl7fsbsbyigxdadvgw",
            "keepers": null,
            "length": 24,
            "lower": true,
            "min_lower": 0,
            "min_numeric": 0,
            "min_special": 0,
            "min_upper": 0,
            "number": true,
            "override_special": null,
            "result": "s0g8q6sl7fsbsbyigxdadvgw",
            "special": false,
            "upper": false
          },
          "sensitive_attributes": [],
          "private": "eyJzY2hlbWFfdmVyc2lvbiI6IjEifQ=="
        }
      ]
    }
  ]
}
